// !$*UTF8*$!
{
	archiveVersion = 1;
	classes = {
	};
	objectVersion = 51;
	objects = {

/* Begin PBXBuildFile section */
		8BCE003FBA70B5952B1987AC /* Pods_Parstagram.framework in Frameworks */ = {isa = PBXBuildFile; fileRef = EBBACAC9F436A090772E8804 /* Pods_Parstagram.framework */; };
		D07C6B820FF317A2D8149F7B /* Pods_ParstagramTests.framework in Frameworks */ = {isa = PBXBuildFile; fileRef = 3D4B06886BACA366E0DEC27B /* Pods_ParstagramTests.framework */; };
		E30D61851C3F5E2406BB55AE /* Pods_Parstagram_ParstagramUITests.framework in Frameworks */ = {isa = PBXBuildFile; fileRef = 307306F6848E43D1710B1B9B /* Pods_Parstagram_ParstagramUITests.framework */; };
		E89F7055238A53AC00EA5748 /* CommentCell.swift in Sources */ = {isa = PBXBuildFile; fileRef = E89F7054238A53AC00EA5748 /* CommentCell.swift */; };
		E8CF0008237F708C009ADAB2 /* ParstagramUITests.swift in Sources */ = {isa = PBXBuildFile; fileRef = E8CF0007237F708C009ADAB2 /* ParstagramUITests.swift */; };
		E8CF0016237F8533009ADAB2 /* LoginViewController.swift in Sources */ = {isa = PBXBuildFile; fileRef = E8CF0015237F8533009ADAB2 /* LoginViewController.swift */; };
		E8CF0018237F8543009ADAB2 /* FeedViewController.swift in Sources */ = {isa = PBXBuildFile; fileRef = E8CF0017237F8543009ADAB2 /* FeedViewController.swift */; };
		E8CF0026237F8603009ADAB2 /* insta_camera_btn@3x.png in Resources */ = {isa = PBXBuildFile; fileRef = E8CF0019237F8602009ADAB2 /* insta_camera_btn@3x.png */; };
		E8CF0027237F8603009ADAB2 /* profile_tab.png in Resources */ = {isa = PBXBuildFile; fileRef = E8CF001A237F8602009ADAB2 /* profile_tab.png */; };
		E8CF0028237F8603009ADAB2 /* insta_camera_btn.png in Resources */ = {isa = PBXBuildFile; fileRef = E8CF001B237F8602009ADAB2 /* insta_camera_btn.png */; };
		E8CF0029237F8603009ADAB2 /* image_placeholder@2x.png in Resources */ = {isa = PBXBuildFile; fileRef = E8CF001C237F8602009ADAB2 /* image_placeholder@2x.png */; };
		E8CF002A237F8603009ADAB2 /* insta_camera_btn@2x.png in Resources */ = {isa = PBXBuildFile; fileRef = E8CF001D237F8602009ADAB2 /* insta_camera_btn@2x.png */; };
		E8CF002B237F8603009ADAB2 /* feed_tab.png in Resources */ = {isa = PBXBuildFile; fileRef = E8CF001E237F8602009ADAB2 /* feed_tab.png */; };
		E8CF002C237F8603009ADAB2 /* profile_tab@2x.png in Resources */ = {isa = PBXBuildFile; fileRef = E8CF001F237F8602009ADAB2 /* profile_tab@2x.png */; };
		E8CF002D237F8603009ADAB2 /* instagram_logo.png in Resources */ = {isa = PBXBuildFile; fileRef = E8CF0020237F8602009ADAB2 /* instagram_logo.png */; };
		E8CF002E237F8603009ADAB2 /* image_placeholder.png in Resources */ = {isa = PBXBuildFile; fileRef = E8CF0021237F8602009ADAB2 /* image_placeholder.png */; };
		E8CF002F237F8603009ADAB2 /* feed_tab@2x.png in Resources */ = {isa = PBXBuildFile; fileRef = E8CF0022237F8602009ADAB2 /* feed_tab@2x.png */; };
		E8CF0030237F8603009ADAB2 /* image_placeholder@3x.png in Resources */ = {isa = PBXBuildFile; fileRef = E8CF0023237F8602009ADAB2 /* image_placeholder@3x.png */; };
		E8CF0031237F8603009ADAB2 /* feed_tab@3x.png in Resources */ = {isa = PBXBuildFile; fileRef = E8CF0024237F8602009ADAB2 /* feed_tab@3x.png */; };
		E8CF0032237F8603009ADAB2 /* profile_tab@3x.png in Resources */ = {isa = PBXBuildFile; fileRef = E8CF0025237F8603009ADAB2 /* profile_tab@3x.png */; };
		E8CF0034237FB6BE009ADAB2 /* CameraViewController.swift in Sources */ = {isa = PBXBuildFile; fileRef = E8CF0033237FB6BE009ADAB2 /* CameraViewController.swift */; };
		E8CF0036237FCF45009ADAB2 /* PostCell.swift in Sources */ = {isa = PBXBuildFile; fileRef = E8CF0035237FCF45009ADAB2 /* PostCell.swift */; };
		E8CFFFE6237F7089009ADAB2 /* AppDelegate.swift in Sources */ = {isa = PBXBuildFile; fileRef = E8CFFFE5237F7089009ADAB2 /* AppDelegate.swift */; };
		E8CFFFE8237F7089009ADAB2 /* SceneDelegate.swift in Sources */ = {isa = PBXBuildFile; fileRef = E8CFFFE7237F7089009ADAB2 /* SceneDelegate.swift */; };
		E8CFFFED237F7089009ADAB2 /* Main.storyboard in Resources */ = {isa = PBXBuildFile; fileRef = E8CFFFEB237F7089009ADAB2 /* Main.storyboard */; };
		E8CFFFEF237F708C009ADAB2 /* Assets.xcassets in Resources */ = {isa = PBXBuildFile; fileRef = E8CFFFEE237F708C009ADAB2 /* Assets.xcassets */; };
		E8CFFFF2237F708C009ADAB2 /* LaunchScreen.storyboard in Resources */ = {isa = PBXBuildFile; fileRef = E8CFFFF0237F708C009ADAB2 /* LaunchScreen.storyboard */; };
		E8CFFFFD237F708C009ADAB2 /* ParstagramTests.swift in Sources */ = {isa = PBXBuildFile; fileRef = E8CFFFFC237F708C009ADAB2 /* ParstagramTests.swift */; };
/* End PBXBuildFile section */

/* Begin PBXContainerItemProxy section */
		E8CF0004237F708C009ADAB2 /* PBXContainerItemProxy */ = {
			isa = PBXContainerItemProxy;
			containerPortal = E8CFFFDA237F7089009ADAB2 /* Project object */;
			proxyType = 1;
			remoteGlobalIDString = E8CFFFE1237F7089009ADAB2;
			remoteInfo = Parstagram;
		};
		E8CFFFF9237F708C009ADAB2 /* PBXContainerItemProxy */ = {
			isa = PBXContainerItemProxy;
			containerPortal = E8CFFFDA237F7089009ADAB2 /* Project object */;
			proxyType = 1;
			remoteGlobalIDString = E8CFFFE1237F7089009ADAB2;
			remoteInfo = Parstagram;
		};
/* End PBXContainerItemProxy section */

/* Begin PBXFileReference section */
		307306F6848E43D1710B1B9B /* Pods_Parstagram_ParstagramUITests.framework */ = {isa = PBXFileReference; explicitFileType = wrapper.framework; includeInIndex = 0; path = Pods_Parstagram_ParstagramUITests.framework; sourceTree = BUILT_PRODUCTS_DIR; };
		3D4B06886BACA366E0DEC27B /* Pods_ParstagramTests.framework */ = {isa = PBXFileReference; explicitFileType = wrapper.framework; includeInIndex = 0; path = Pods_ParstagramTests.framework; sourceTree = BUILT_PRODUCTS_DIR; };
		73AEC932EF8D99768DC71080 /* Pods-ParstagramTests.debug.xcconfig */ = {isa = PBXFileReference; includeInIndex = 1; lastKnownFileType = text.xcconfig; name = "Pods-ParstagramTests.debug.xcconfig"; path = "Target Support Files/Pods-ParstagramTests/Pods-ParstagramTests.debug.xcconfig"; sourceTree = "<group>"; };
		75D2F898EF118B8E840664A4 /* Pods-Parstagram.debug.xcconfig */ = {isa = PBXFileReference; includeInIndex = 1; lastKnownFileType = text.xcconfig; name = "Pods-Parstagram.debug.xcconfig"; path = "Target Support Files/Pods-Parstagram/Pods-Parstagram.debug.xcconfig"; sourceTree = "<group>"; };
		8C43B72E5A10577AC5BB04F8 /* Pods-Parstagram-ParstagramUITests.debug.xcconfig */ = {isa = PBXFileReference; includeInIndex = 1; lastKnownFileType = text.xcconfig; name = "Pods-Parstagram-ParstagramUITests.debug.xcconfig"; path = "Target Support Files/Pods-Parstagram-ParstagramUITests/Pods-Parstagram-ParstagramUITests.debug.xcconfig"; sourceTree = "<group>"; };
		C78BC73AD8814F5F17275EC0 /* Pods-Parstagram-ParstagramUITests.release.xcconfig */ = {isa = PBXFileReference; includeInIndex = 1; lastKnownFileType = text.xcconfig; name = "Pods-Parstagram-ParstagramUITests.release.xcconfig"; path = "Target Support Files/Pods-Parstagram-ParstagramUITests/Pods-Parstagram-ParstagramUITests.release.xcconfig"; sourceTree = "<group>"; };
		CE6F804817645D2D27D56517 /* Pods-ParstagramTests.release.xcconfig */ = {isa = PBXFileReference; includeInIndex = 1; lastKnownFileType = text.xcconfig; name = "Pods-ParstagramTests.release.xcconfig"; path = "Target Support Files/Pods-ParstagramTests/Pods-ParstagramTests.release.xcconfig"; sourceTree = "<group>"; };
		D0DBCDF30F8D3D4FA6928222 /* Pods-Parstagram.release.xcconfig */ = {isa = PBXFileReference; includeInIndex = 1; lastKnownFileType = text.xcconfig; name = "Pods-Parstagram.release.xcconfig"; path = "Target Support Files/Pods-Parstagram/Pods-Parstagram.release.xcconfig"; sourceTree = "<group>"; };
		E89F7054238A53AC00EA5748 /* CommentCell.swift */ = {isa = PBXFileReference; lastKnownFileType = sourcecode.swift; path = CommentCell.swift; sourceTree = "<group>"; };
		E8CF0003237F708C009ADAB2 /* ParstagramUITests.xctest */ = {isa = PBXFileReference; explicitFileType = wrapper.cfbundle; includeInIndex = 0; path = ParstagramUITests.xctest; sourceTree = BUILT_PRODUCTS_DIR; };
		E8CF0007237F708C009ADAB2 /* ParstagramUITests.swift */ = {isa = PBXFileReference; lastKnownFileType = sourcecode.swift; path = ParstagramUITests.swift; sourceTree = "<group>"; };
		E8CF0009237F708C009ADAB2 /* Info.plist */ = {isa = PBXFileReference; lastKnownFileType = text.plist.xml; path = Info.plist; sourceTree = "<group>"; };
		E8CF0015237F8533009ADAB2 /* LoginViewController.swift */ = {isa = PBXFileReference; lastKnownFileType = sourcecode.swift; path = LoginViewController.swift; sourceTree = "<group>"; };
		E8CF0017237F8543009ADAB2 /* FeedViewController.swift */ = {isa = PBXFileReference; lastKnownFileType = sourcecode.swift; path = FeedViewController.swift; sourceTree = "<group>"; };
		E8CF0019237F8602009ADAB2 /* insta_camera_btn@3x.png */ = {isa = PBXFileReference; lastKnownFileType = image.png; name = "insta_camera_btn@3x.png"; path = "../../../../Downloads/instagram_assets/insta_camera_btn@3x.png"; sourceTree = "<group>"; };
		E8CF001A237F8602009ADAB2 /* profile_tab.png */ = {isa = PBXFileReference; lastKnownFileType = image.png; name = profile_tab.png; path = ../../../../Downloads/instagram_assets/profile_tab.png; sourceTree = "<group>"; };
		E8CF001B237F8602009ADAB2 /* insta_camera_btn.png */ = {isa = PBXFileReference; lastKnownFileType = image.png; name = insta_camera_btn.png; path = ../../../../Downloads/instagram_assets/insta_camera_btn.png; sourceTree = "<group>"; };
		E8CF001C237F8602009ADAB2 /* image_placeholder@2x.png */ = {isa = PBXFileReference; lastKnownFileType = image.png; name = "image_placeholder@2x.png"; path = "../../../../Downloads/instagram_assets/image_placeholder@2x.png"; sourceTree = "<group>"; };
		E8CF001D237F8602009ADAB2 /* insta_camera_btn@2x.png */ = {isa = PBXFileReference; lastKnownFileType = image.png; name = "insta_camera_btn@2x.png"; path = "../../../../Downloads/instagram_assets/insta_camera_btn@2x.png"; sourceTree = "<group>"; };
		E8CF001E237F8602009ADAB2 /* feed_tab.png */ = {isa = PBXFileReference; lastKnownFileType = image.png; name = feed_tab.png; path = ../../../../Downloads/instagram_assets/feed_tab.png; sourceTree = "<group>"; };
		E8CF001F237F8602009ADAB2 /* profile_tab@2x.png */ = {isa = PBXFileReference; lastKnownFileType = image.png; name = "profile_tab@2x.png"; path = "../../../../Downloads/instagram_assets/profile_tab@2x.png"; sourceTree = "<group>"; };
		E8CF0020237F8602009ADAB2 /* instagram_logo.png */ = {isa = PBXFileReference; lastKnownFileType = image.png; name = instagram_logo.png; path = ../../../../Downloads/instagram_assets/instagram_logo.png; sourceTree = "<group>"; };
		E8CF0021237F8602009ADAB2 /* image_placeholder.png */ = {isa = PBXFileReference; lastKnownFileType = image.png; name = image_placeholder.png; path = ../../../../Downloads/instagram_assets/image_placeholder.png; sourceTree = "<group>"; };
		E8CF0022237F8602009ADAB2 /* feed_tab@2x.png */ = {isa = PBXFileReference; lastKnownFileType = image.png; name = "feed_tab@2x.png"; path = "../../../../Downloads/instagram_assets/feed_tab@2x.png"; sourceTree = "<group>"; };
		E8CF0023237F8602009ADAB2 /* image_placeholder@3x.png */ = {isa = PBXFileReference; lastKnownFileType = image.png; name = "image_placeholder@3x.png"; path = "../../../../Downloads/instagram_assets/image_placeholder@3x.png"; sourceTree = "<group>"; };
		E8CF0024237F8602009ADAB2 /* feed_tab@3x.png */ = {isa = PBXFileReference; lastKnownFileType = image.png; name = "feed_tab@3x.png"; path = "../../../../Downloads/instagram_assets/feed_tab@3x.png"; sourceTree = "<group>"; };
		E8CF0025237F8603009ADAB2 /* profile_tab@3x.png */ = {isa = PBXFileReference; lastKnownFileType = image.png; name = "profile_tab@3x.png"; path = "../../../../Downloads/instagram_assets/profile_tab@3x.png"; sourceTree = "<group>"; };
		E8CF0033237FB6BE009ADAB2 /* CameraViewController.swift */ = {isa = PBXFileReference; lastKnownFileType = sourcecode.swift; path = CameraViewController.swift; sourceTree = "<group>"; };
		E8CF0035237FCF45009ADAB2 /* PostCell.swift */ = {isa = PBXFileReference; lastKnownFileType = sourcecode.swift; path = PostCell.swift; sourceTree = "<group>"; };
		E8CFFFE2237F7089009ADAB2 /* Parstagram.app */ = {isa = PBXFileReference; explicitFileType = wrapper.application; includeInIndex = 0; path = Parstagram.app; sourceTree = BUILT_PRODUCTS_DIR; };
		E8CFFFE5237F7089009ADAB2 /* AppDelegate.swift */ = {isa = PBXFileReference; lastKnownFileType = sourcecode.swift; path = AppDelegate.swift; sourceTree = "<group>"; };
		E8CFFFE7237F7089009ADAB2 /* SceneDelegate.swift */ = {isa = PBXFileReference; lastKnownFileType = sourcecode.swift; path = SceneDelegate.swift; sourceTree = "<group>"; };
		E8CFFFEC237F7089009ADAB2 /* Base */ = {isa = PBXFileReference; lastKnownFileType = file.storyboard; name = Base; path = Base.lproj/Main.storyboard; sourceTree = "<group>"; };
		E8CFFFEE237F708C009ADAB2 /* Assets.xcassets */ = {isa = PBXFileReference; lastKnownFileType = folder.assetcatalog; path = Assets.xcassets; sourceTree = "<group>"; };
		E8CFFFF1237F708C009ADAB2 /* Base */ = {isa = PBXFileReference; lastKnownFileType = file.storyboard; name = Base; path = Base.lproj/LaunchScreen.storyboard; sourceTree = "<group>"; };
		E8CFFFF3237F708C009ADAB2 /* Info.plist */ = {isa = PBXFileReference; lastKnownFileType = text.plist.xml; path = Info.plist; sourceTree = "<group>"; };
		E8CFFFF8237F708C009ADAB2 /* ParstagramTests.xctest */ = {isa = PBXFileReference; explicitFileType = wrapper.cfbundle; includeInIndex = 0; path = ParstagramTests.xctest; sourceTree = BUILT_PRODUCTS_DIR; };
		E8CFFFFC237F708C009ADAB2 /* ParstagramTests.swift */ = {isa = PBXFileReference; lastKnownFileType = sourcecode.swift; path = ParstagramTests.swift; sourceTree = "<group>"; };
		E8CFFFFE237F708C009ADAB2 /* Info.plist */ = {isa = PBXFileReference; lastKnownFileType = text.plist.xml; path = Info.plist; sourceTree = "<group>"; };
		EBBACAC9F436A090772E8804 /* Pods_Parstagram.framework */ = {isa = PBXFileReference; explicitFileType = wrapper.framework; includeInIndex = 0; path = Pods_Parstagram.framework; sourceTree = BUILT_PRODUCTS_DIR; };
/* End PBXFileReference section */

/* Begin PBXFrameworksBuildPhase section */
		E8CF0000237F708C009ADAB2 /* Frameworks */ = {
			isa = PBXFrameworksBuildPhase;
			buildActionMask = 2147483647;
			files = (
				E30D61851C3F5E2406BB55AE /* Pods_Parstagram_ParstagramUITests.framework in Frameworks */,
			);
			runOnlyForDeploymentPostprocessing = 0;
		};
		E8CFFFDF237F7089009ADAB2 /* Frameworks */ = {
			isa = PBXFrameworksBuildPhase;
			buildActionMask = 2147483647;
			files = (
				8BCE003FBA70B5952B1987AC /* Pods_Parstagram.framework in Frameworks */,
			);
			runOnlyForDeploymentPostprocessing = 0;
		};
		E8CFFFF5237F708C009ADAB2 /* Frameworks */ = {
			isa = PBXFrameworksBuildPhase;
			buildActionMask = 2147483647;
			files = (
				D07C6B820FF317A2D8149F7B /* Pods_ParstagramTests.framework in Frameworks */,
			);
			runOnlyForDeploymentPostprocessing = 0;
		};
/* End PBXFrameworksBuildPhase section */

/* Begin PBXGroup section */
		0411BCDECA38EA711CF2EBE0 /* Pods */ = {
			isa = PBXGroup;
			children = (
				75D2F898EF118B8E840664A4 /* Pods-Parstagram.debug.xcconfig */,
				D0DBCDF30F8D3D4FA6928222 /* Pods-Parstagram.release.xcconfig */,
				8C43B72E5A10577AC5BB04F8 /* Pods-Parstagram-ParstagramUITests.debug.xcconfig */,
				C78BC73AD8814F5F17275EC0 /* Pods-Parstagram-ParstagramUITests.release.xcconfig */,
				73AEC932EF8D99768DC71080 /* Pods-ParstagramTests.debug.xcconfig */,
				CE6F804817645D2D27D56517 /* Pods-ParstagramTests.release.xcconfig */,
			);
			path = Pods;
			sourceTree = "<group>";
		};
		DF1986A219F7879B5A72B471 /* Frameworks */ = {
			isa = PBXGroup;
			children = (
				EBBACAC9F436A090772E8804 /* Pods_Parstagram.framework */,
				307306F6848E43D1710B1B9B /* Pods_Parstagram_ParstagramUITests.framework */,
				3D4B06886BACA366E0DEC27B /* Pods_ParstagramTests.framework */,
			);
			name = Frameworks;
			sourceTree = "<group>";
		};
		E8CF0006237F708C009ADAB2 /* ParstagramUITests */ = {
			isa = PBXGroup;
			children = (
				E8CF0007237F708C009ADAB2 /* ParstagramUITests.swift */,
				E8CF0009237F708C009ADAB2 /* Info.plist */,
			);
			path = ParstagramUITests;
			sourceTree = "<group>";
		};
		E8CFFFD9237F7089009ADAB2 = {
			isa = PBXGroup;
			children = (
				E8CFFFE4237F7089009ADAB2 /* Parstagram */,
				E8CFFFFB237F708C009ADAB2 /* ParstagramTests */,
				E8CF0006237F708C009ADAB2 /* ParstagramUITests */,
				E8CFFFE3237F7089009ADAB2 /* Products */,
				0411BCDECA38EA711CF2EBE0 /* Pods */,
				DF1986A219F7879B5A72B471 /* Frameworks */,
			);
			sourceTree = "<group>";
		};
		E8CFFFE3237F7089009ADAB2 /* Products */ = {
			isa = PBXGroup;
			children = (
				E8CFFFE2237F7089009ADAB2 /* Parstagram.app */,
				E8CFFFF8237F708C009ADAB2 /* ParstagramTests.xctest */,
				E8CF0003237F708C009ADAB2 /* ParstagramUITests.xctest */,
			);
			name = Products;
			sourceTree = "<group>";
		};
		E8CFFFE4237F7089009ADAB2 /* Parstagram */ = {
			isa = PBXGroup;
			children = (
				E8CFFFE5237F7089009ADAB2 /* AppDelegate.swift */,
				E8CFFFE7237F7089009ADAB2 /* SceneDelegate.swift */,
				E8CFFFEB237F7089009ADAB2 /* Main.storyboard */,
				E8CF001E237F8602009ADAB2 /* feed_tab.png */,
				E8CF0022237F8602009ADAB2 /* feed_tab@2x.png */,
				E8CF0024237F8602009ADAB2 /* feed_tab@3x.png */,
				E8CF0021237F8602009ADAB2 /* image_placeholder.png */,
				E8CF001C237F8602009ADAB2 /* image_placeholder@2x.png */,
				E8CF0023237F8602009ADAB2 /* image_placeholder@3x.png */,
				E8CF001B237F8602009ADAB2 /* insta_camera_btn.png */,
				E8CF001D237F8602009ADAB2 /* insta_camera_btn@2x.png */,
				E8CF0019237F8602009ADAB2 /* insta_camera_btn@3x.png */,
				E8CF0020237F8602009ADAB2 /* instagram_logo.png */,
				E8CF001A237F8602009ADAB2 /* profile_tab.png */,
				E8CF001F237F8602009ADAB2 /* profile_tab@2x.png */,
				E8CF0025237F8603009ADAB2 /* profile_tab@3x.png */,
				E8CFFFEE237F708C009ADAB2 /* Assets.xcassets */,
				E8CFFFF0237F708C009ADAB2 /* LaunchScreen.storyboard */,
				E8CFFFF3237F708C009ADAB2 /* Info.plist */,
				E8CF0015237F8533009ADAB2 /* LoginViewController.swift */,
				E8CF0017237F8543009ADAB2 /* FeedViewController.swift */,
				E8CF0033237FB6BE009ADAB2 /* CameraViewController.swift */,
				E8CF0035237FCF45009ADAB2 /* PostCell.swift */,
				E89F7054238A53AC00EA5748 /* CommentCell.swift */,
			);
			path = Parstagram;
			sourceTree = "<group>";
		};
		E8CFFFFB237F708C009ADAB2 /* ParstagramTests */ = {
			isa = PBXGroup;
			children = (
				E8CFFFFC237F708C009ADAB2 /* ParstagramTests.swift */,
				E8CFFFFE237F708C009ADAB2 /* Info.plist */,
			);
			path = ParstagramTests;
			sourceTree = "<group>";
		};
/* End PBXGroup section */

/* Begin PBXNativeTarget section */
		E8CF0002237F708C009ADAB2 /* ParstagramUITests */ = {
			isa = PBXNativeTarget;
			buildConfigurationList = E8CF0012237F708C009ADAB2 /* Build configuration list for PBXNativeTarget "ParstagramUITests" */;
			buildPhases = (
				969C94E5BA2EE32449EAD95E /* [CP] Check Pods Manifest.lock */,
				E8CFFFFF237F708C009ADAB2 /* Sources */,
				E8CF0000237F708C009ADAB2 /* Frameworks */,
				E8CF0001237F708C009ADAB2 /* Resources */,
				CD3B2F9BA99ED9EFAD04A3AE /* [CP] Embed Pods Frameworks */,
			);
			buildRules = (
			);
			dependencies = (
				E8CF0005237F708C009ADAB2 /* PBXTargetDependency */,
			);
			name = ParstagramUITests;
			productName = ParstagramUITests;
			productReference = E8CF0003237F708C009ADAB2 /* ParstagramUITests.xctest */;
			productType = "com.apple.product-type.bundle.ui-testing";
		};
		E8CFFFE1237F7089009ADAB2 /* Parstagram */ = {
			isa = PBXNativeTarget;
			buildConfigurationList = E8CF000C237F708C009ADAB2 /* Build configuration list for PBXNativeTarget "Parstagram" */;
			buildPhases = (
				D8099A60E172365D3DF91E09 /* [CP] Check Pods Manifest.lock */,
				E8CFFFDE237F7089009ADAB2 /* Sources */,
				E8CFFFDF237F7089009ADAB2 /* Frameworks */,
				E8CFFFE0237F7089009ADAB2 /* Resources */,
				C3FAC518485750964AC19745 /* [CP] Embed Pods Frameworks */,
			);
			buildRules = (
			);
			dependencies = (
			);
			name = Parstagram;
			productName = Parstagram;
			productReference = E8CFFFE2237F7089009ADAB2 /* Parstagram.app */;
			productType = "com.apple.product-type.application";
		};
		E8CFFFF7237F708C009ADAB2 /* ParstagramTests */ = {
			isa = PBXNativeTarget;
			buildConfigurationList = E8CF000F237F708C009ADAB2 /* Build configuration list for PBXNativeTarget "ParstagramTests" */;
			buildPhases = (
				4B897A26AB552102D4AA9388 /* [CP] Check Pods Manifest.lock */,
				E8CFFFF4237F708C009ADAB2 /* Sources */,
				E8CFFFF5237F708C009ADAB2 /* Frameworks */,
				E8CFFFF6237F708C009ADAB2 /* Resources */,
			);
			buildRules = (
			);
			dependencies = (
				E8CFFFFA237F708C009ADAB2 /* PBXTargetDependency */,
			);
			name = ParstagramTests;
			productName = ParstagramTests;
			productReference = E8CFFFF8237F708C009ADAB2 /* ParstagramTests.xctest */;
			productType = "com.apple.product-type.bundle.unit-test";
		};
/* End PBXNativeTarget section */

/* Begin PBXProject section */
		E8CFFFDA237F7089009ADAB2 /* Project object */ = {
			isa = PBXProject;
			attributes = {
				LastSwiftUpdateCheck = 1110;
				LastUpgradeCheck = 1110;
				ORGANIZATIONNAME = "Meagan Olsen";
				TargetAttributes = {
					E8CF0002237F708C009ADAB2 = {
						CreatedOnToolsVersion = 11.1;
						TestTargetID = E8CFFFE1237F7089009ADAB2;
					};
					E8CFFFE1237F7089009ADAB2 = {
						CreatedOnToolsVersion = 11.1;
					};
					E8CFFFF7237F708C009ADAB2 = {
						CreatedOnToolsVersion = 11.1;
						TestTargetID = E8CFFFE1237F7089009ADAB2;
					};
				};
			};
			buildConfigurationList = E8CFFFDD237F7089009ADAB2 /* Build configuration list for PBXProject "Parstagram" */;
			compatibilityVersion = "Xcode 9.3";
			developmentRegion = en;
			hasScannedForEncodings = 0;
			knownRegions = (
				en,
				Base,
			);
			mainGroup = E8CFFFD9237F7089009ADAB2;
			productRefGroup = E8CFFFE3237F7089009ADAB2 /* Products */;
			projectDirPath = "";
			projectRoot = "";
			targets = (
				E8CFFFE1237F7089009ADAB2 /* Parstagram */,
				E8CFFFF7237F708C009ADAB2 /* ParstagramTests */,
				E8CF0002237F708C009ADAB2 /* ParstagramUITests */,
			);
		};
/* End PBXProject section */

/* Begin PBXResourcesBuildPhase section */
		E8CF0001237F708C009ADAB2 /* Resources */ = {
			isa = PBXResourcesBuildPhase;
			buildActionMask = 2147483647;
			files = (
			);
			runOnlyForDeploymentPostprocessing = 0;
		};
		E8CFFFE0237F7089009ADAB2 /* Resources */ = {
			isa = PBXResourcesBuildPhase;
			buildActionMask = 2147483647;
			files = (
				E8CFFFF2237F708C009ADAB2 /* LaunchScreen.storyboard in Resources */,
				E8CF002E237F8603009ADAB2 /* image_placeholder.png in Resources */,
				E8CF002F237F8603009ADAB2 /* feed_tab@2x.png in Resources */,
				E8CF0028237F8603009ADAB2 /* insta_camera_btn.png in Resources */,
				E8CF002B237F8603009ADAB2 /* feed_tab.png in Resources */,
				E8CF0030237F8603009ADAB2 /* image_placeholder@3x.png in Resources */,
				E8CFFFEF237F708C009ADAB2 /* Assets.xcassets in Resources */,
				E8CF0032237F8603009ADAB2 /* profile_tab@3x.png in Resources */,
				E8CF0027237F8603009ADAB2 /* profile_tab.png in Resources */,
				E8CF002D237F8603009ADAB2 /* instagram_logo.png in Resources */,
				E8CF0029237F8603009ADAB2 /* image_placeholder@2x.png in Resources */,
				E8CFFFED237F7089009ADAB2 /* Main.storyboard in Resources */,
				E8CF002A237F8603009ADAB2 /* insta_camera_btn@2x.png in Resources */,
				E8CF0031237F8603009ADAB2 /* feed_tab@3x.png in Resources */,
				E8CF002C237F8603009ADAB2 /* profile_tab@2x.png in Resources */,
				E8CF0026237F8603009ADAB2 /* insta_camera_btn@3x.png in Resources */,
			);
			runOnlyForDeploymentPostprocessing = 0;
		};
		E8CFFFF6237F708C009ADAB2 /* Resources */ = {
			isa = PBXResourcesBuildPhase;
			buildActionMask = 2147483647;
			files = (
			);
			runOnlyForDeploymentPostprocessing = 0;
		};
/* End PBXResourcesBuildPhase section */

/* Begin PBXShellScriptBuildPhase section */
		4B897A26AB552102D4AA9388 /* [CP] Check Pods Manifest.lock */ = {
			isa = PBXShellScriptBuildPhase;
			buildActionMask = 2147483647;
			files = (
			);
			inputFileListPaths = (
			);
			inputPaths = (
				"${PODS_PODFILE_DIR_PATH}/Podfile.lock",
				"${PODS_ROOT}/Manifest.lock",
			);
			name = "[CP] Check Pods Manifest.lock";
			outputFileListPaths = (
			);
			outputPaths = (
				"$(DERIVED_FILE_DIR)/Pods-ParstagramTests-checkManifestLockResult.txt",
			);
			runOnlyForDeploymentPostprocessing = 0;
			shellPath = /bin/sh;
			shellScript = "diff \"${PODS_PODFILE_DIR_PATH}/Podfile.lock\" \"${PODS_ROOT}/Manifest.lock\" > /dev/null\nif [ $? != 0 ] ; then\n    # print error to STDERR\n    echo \"error: The sandbox is not in sync with the Podfile.lock. Run 'pod install' or update your CocoaPods installation.\" >&2\n    exit 1\nfi\n# This output is used by Xcode 'outputs' to avoid re-running this script phase.\necho \"SUCCESS\" > \"${SCRIPT_OUTPUT_FILE_0}\"\n";
			showEnvVarsInLog = 0;
		};
		969C94E5BA2EE32449EAD95E /* [CP] Check Pods Manifest.lock */ = {
			isa = PBXShellScriptBuildPhase;
			buildActionMask = 2147483647;
			files = (
			);
			inputFileListPaths = (
			);
			inputPaths = (
				"${PODS_PODFILE_DIR_PATH}/Podfile.lock",
				"${PODS_ROOT}/Manifest.lock",
			);
			name = "[CP] Check Pods Manifest.lock";
			outputFileListPaths = (
			);
			outputPaths = (
				"$(DERIVED_FILE_DIR)/Pods-Parstagram-ParstagramUITests-checkManifestLockResult.txt",
			);
			runOnlyForDeploymentPostprocessing = 0;
			shellPath = /bin/sh;
			shellScript = "diff \"${PODS_PODFILE_DIR_PATH}/Podfile.lock\" \"${PODS_ROOT}/Manifest.lock\" > /dev/null\nif [ $? != 0 ] ; then\n    # print error to STDERR\n    echo \"error: The sandbox is not in sync with the Podfile.lock. Run 'pod install' or update your CocoaPods installation.\" >&2\n    exit 1\nfi\n# This output is used by Xcode 'outputs' to avoid re-running this script phase.\necho \"SUCCESS\" > \"${SCRIPT_OUTPUT_FILE_0}\"\n";
			showEnvVarsInLog = 0;
		};
		C3FAC518485750964AC19745 /* [CP] Embed Pods Frameworks */ = {
			isa = PBXShellScriptBuildPhase;
			buildActionMask = 2147483647;
			files = (
			);
			inputFileListPaths = (
				"${PODS_ROOT}/Target Support Files/Pods-Parstagram/Pods-Parstagram-frameworks-${CONFIGURATION}-input-files.xcfilelist",
			);
			name = "[CP] Embed Pods Frameworks";
			outputFileListPaths = (
				"${PODS_ROOT}/Target Support Files/Pods-Parstagram/Pods-Parstagram-frameworks-${CONFIGURATION}-output-files.xcfilelist",
			);
			runOnlyForDeploymentPostprocessing = 0;
			shellPath = /bin/sh;
			shellScript = "\"${PODS_ROOT}/Target Support Files/Pods-Parstagram/Pods-Parstagram-frameworks.sh\"\n";
			showEnvVarsInLog = 0;
		};
		CD3B2F9BA99ED9EFAD04A3AE /* [CP] Embed Pods Frameworks */ = {
			isa = PBXShellScriptBuildPhase;
			buildActionMask = 2147483647;
			files = (
			);
			inputFileListPaths = (
				"${PODS_ROOT}/Target Support Files/Pods-Parstagram-ParstagramUITests/Pods-Parstagram-ParstagramUITests-frameworks-${CONFIGURATION}-input-files.xcfilelist",
			);
			name = "[CP] Embed Pods Frameworks";
			outputFileListPaths = (
				"${PODS_ROOT}/Target Support Files/Pods-Parstagram-ParstagramUITests/Pods-Parstagram-ParstagramUITests-frameworks-${CONFIGURATION}-output-files.xcfilelist",
			);
			runOnlyForDeploymentPostprocessing = 0;
			shellPath = /bin/sh;
			shellScript = "\"${PODS_ROOT}/Target Support Files/Pods-Parstagram-ParstagramUITests/Pods-Parstagram-ParstagramUITests-frameworks.sh\"\n";
			showEnvVarsInLog = 0;
		};
		D8099A60E172365D3DF91E09 /* [CP] Check Pods Manifest.lock */ = {
			isa = PBXShellScriptBuildPhase;
			buildActionMask = 2147483647;
			files = (
			);
			inputFileListPaths = (
			);
			inputPaths = (
				"${PODS_PODFILE_DIR_PATH}/Podfile.lock",
				"${PODS_ROOT}/Manifest.lock",
			);
			name = "[CP] Check Pods Manifest.lock";
			outputFileListPaths = (
			);
			outputPaths = (
				"$(DERIVED_FILE_DIR)/Pods-Parstagram-checkManifestLockResult.txt",
			);
			runOnlyForDeploymentPostprocessing = 0;
			shellPath = /bin/sh;
			shellScript = "diff \"${PODS_PODFILE_DIR_PATH}/Podfile.lock\" \"${PODS_ROOT}/Manifest.lock\" > /dev/null\nif [ $? != 0 ] ; then\n    # print error to STDERR\n    echo \"error: The sandbox is not in sync with the Podfile.lock. Run 'pod install' or update your CocoaPods installation.\" >&2\n    exit 1\nfi\n# This output is used by Xcode 'outputs' to avoid re-running this script phase.\necho \"SUCCESS\" > \"${SCRIPT_OUTPUT_FILE_0}\"\n";
			showEnvVarsInLog = 0;
		};
/* End PBXShellScriptBuildPhase section */

/* Begin PBXSourcesBuildPhase section */
		E8CFFFDE237F7089009ADAB2 /* Sources */ = {
			isa = PBXSourcesBuildPhase;
			buildActionMask = 2147483647;
			files = (
				E8CF0016237F8533009ADAB2 /* LoginViewController.swift in Sources */,
				E8CF0034237FB6BE009ADAB2 /* CameraViewController.swift in Sources */,
				E8CFFFE6237F7089009ADAB2 /* AppDelegate.swift in Sources */,
				E8CF0018237F8543009ADAB2 /* FeedViewController.swift in Sources */,
				E8CFFFE8237F7089009ADAB2 /* SceneDelegate.swift in Sources */,
				E8CF0036237FCF45009ADAB2 /* PostCell.swift in Sources */,
				E89F7055238A53AC00EA5748 /* CommentCell.swift in Sources */,
			);
			runOnlyForDeploymentPostprocessing = 0;
		};
		E8CFFFF4237F708C009ADAB2 /* Sources */ = {
			isa = PBXSourcesBuildPhase;
			buildActionMask = 2147483647;
			files = (
				E8CFFFFD237F708C009ADAB2 /* ParstagramTests.swift in Sources */,
			);
			runOnlyForDeploymentPostprocessing = 0;
		};
		E8CFFFFF237F708C009ADAB2 /* Sources */ = {
			isa = PBXSourcesBuildPhase;
			buildActionMask = 2147483647;
			files = (
				E8CF0008237F708C009ADAB2 /* ParstagramUITests.swift in Sources */,
			);
			runOnlyForDeploymentPostprocessing = 0;
		};
/* End PBXSourcesBuildPhase section */

/* Begin PBXTargetDependency section */
		E8CF0005237F708C009ADAB2 /* PBXTargetDependency */ = {
			isa = PBXTargetDependency;
			target = E8CFFFE1237F7089009ADAB2 /* Parstagram */;
			targetProxy = E8CF0004237F708C009ADAB2 /* PBXContainerItemProxy */;
		};
		E8CFFFFA237F708C009ADAB2 /* PBXTargetDependency */ = {
			isa = PBXTargetDependency;
			target = E8CFFFE1237F7089009ADAB2 /* Parstagram */;
			targetProxy = E8CFFFF9237F708C009ADAB2 /* PBXContainerItemProxy */;
		};
/* End PBXTargetDependency section */

/* Begin PBXVariantGroup section */
		E8CFFFEB237F7089009ADAB2 /* Main.storyboard */ = {
			isa = PBXVariantGroup;
			children = (
				E8CFFFEC237F7089009ADAB2 /* Base */,
			);
			name = Main.storyboard;
			sourceTree = "<group>";
		};
		E8CFFFF0237F708C009ADAB2 /* LaunchScreen.storyboard */ = {
			isa = PBXVariantGroup;
			children = (
				E8CFFFF1237F708C009ADAB2 /* Base */,
			);
			name = LaunchScreen.storyboard;
			sourceTree = "<group>";
		};
/* End PBXVariantGroup section */

/* Begin XCBuildConfiguration section */
		E8CF000A237F708C009ADAB2 /* Debug */ = {
			isa = XCBuildConfiguration;
			buildSettings = {
				ALWAYS_SEARCH_USER_PATHS = NO;
				CLANG_ANALYZER_NONNULL = YES;
				CLANG_ANALYZER_NUMBER_OBJECT_CONVERSION = YES_AGGRESSIVE;
				CLANG_CXX_LANGUAGE_STANDARD = "gnu++14";
				CLANG_CXX_LIBRARY = "libc++";
				CLANG_ENABLE_MODULES = YES;
				CLANG_ENABLE_OBJC_ARC = YES;
				CLANG_ENABLE_OBJC_WEAK = YES;
				CLANG_WARN_BLOCK_CAPTURE_AUTORELEASING = YES;
				CLANG_WARN_BOOL_CONVERSION = YES;
				CLANG_WARN_COMMA = YES;
				CLANG_WARN_CONSTANT_CONVERSION = YES;
				CLANG_WARN_DEPRECATED_OBJC_IMPLEMENTATIONS = YES;
				CLANG_WARN_DIRECT_OBJC_ISA_USAGE = YES_ERROR;
				CLANG_WARN_DOCUMENTATION_COMMENTS = YES;
				CLANG_WARN_EMPTY_BODY = YES;
				CLANG_WARN_ENUM_CONVERSION = YES;
				CLANG_WARN_INFINITE_RECURSION = YES;
				CLANG_WARN_INT_CONVERSION = YES;
				CLANG_WARN_NON_LITERAL_NULL_CONVERSION = YES;
				CLANG_WARN_OBJC_IMPLICIT_RETAIN_SELF = YES;
				CLANG_WARN_OBJC_LITERAL_CONVERSION = YES;
				CLANG_WARN_OBJC_ROOT_CLASS = YES_ERROR;
				CLANG_WARN_RANGE_LOOP_ANALYSIS = YES;
				CLANG_WARN_STRICT_PROTOTYPES = YES;
				CLANG_WARN_SUSPICIOUS_MOVE = YES;
				CLANG_WARN_UNGUARDED_AVAILABILITY = YES_AGGRESSIVE;
				CLANG_WARN_UNREACHABLE_CODE = YES;
				CLANG_WARN__DUPLICATE_METHOD_MATCH = YES;
				COPY_PHASE_STRIP = NO;
				DEBUG_INFORMATION_FORMAT = dwarf;
				ENABLE_STRICT_OBJC_MSGSEND = YES;
				ENABLE_TESTABILITY = YES;
				GCC_C_LANGUAGE_STANDARD = gnu11;
				GCC_DYNAMIC_NO_PIC = NO;
				GCC_NO_COMMON_BLOCKS = YES;
				GCC_OPTIMIZATION_LEVEL = 0;
				GCC_PREPROCESSOR_DEFINITIONS = (
					"DEBUG=1",
					"$(inherited)",
				);
				GCC_WARN_64_TO_32_BIT_CONVERSION = YES;
				GCC_WARN_ABOUT_RETURN_TYPE = YES_ERROR;
				GCC_WARN_UNDECLARED_SELECTOR = YES;
				GCC_WARN_UNINITIALIZED_AUTOS = YES_AGGRESSIVE;
				GCC_WARN_UNUSED_FUNCTION = YES;
				GCC_WARN_UNUSED_VARIABLE = YES;
				IPHONEOS_DEPLOYMENT_TARGET = 13.1;
				MTL_ENABLE_DEBUG_INFO = INCLUDE_SOURCE;
				MTL_FAST_MATH = YES;
				ONLY_ACTIVE_ARCH = YES;
				SDKROOT = iphoneos;
				SWIFT_ACTIVE_COMPILATION_CONDITIONS = DEBUG;
				SWIFT_OPTIMIZATION_LEVEL = "-Onone";
			};
			name = Debug;
		};
		E8CF000B237F708C009ADAB2 /* Release */ = {
			isa = XCBuildConfiguration;
			buildSettings = {
				ALWAYS_SEARCH_USER_PATHS = NO;
				CLANG_ANALYZER_NONNULL = YES;
				CLANG_ANALYZER_NUMBER_OBJECT_CONVERSION = YES_AGGRESSIVE;
				CLANG_CXX_LANGUAGE_STANDARD = "gnu++14";
				CLANG_CXX_LIBRARY = "libc++";
				CLANG_ENABLE_MODULES = YES;
				CLANG_ENABLE_OBJC_ARC = YES;
				CLANG_ENABLE_OBJC_WEAK = YES;
				CLANG_WARN_BLOCK_CAPTURE_AUTORELEASING = YES;
				CLANG_WARN_BOOL_CONVERSION = YES;
				CLANG_WARN_COMMA = YES;
				CLANG_WARN_CONSTANT_CONVERSION = YES;
				CLANG_WARN_DEPRECATED_OBJC_IMPLEMENTATIONS = YES;
				CLANG_WARN_DIRECT_OBJC_ISA_USAGE = YES_ERROR;
				CLANG_WARN_DOCUMENTATION_COMMENTS = YES;
				CLANG_WARN_EMPTY_BODY = YES;
				CLANG_WARN_ENUM_CONVERSION = YES;
				CLANG_WARN_INFINITE_RECURSION = YES;
				CLANG_WARN_INT_CONVERSION = YES;
				CLANG_WARN_NON_LITERAL_NULL_CONVERSION = YES;
				CLANG_WARN_OBJC_IMPLICIT_RETAIN_SELF = YES;
				CLANG_WARN_OBJC_LITERAL_CONVERSION = YES;
				CLANG_WARN_OBJC_ROOT_CLASS = YES_ERROR;
				CLANG_WARN_RANGE_LOOP_ANALYSIS = YES;
				CLANG_WARN_STRICT_PROTOTYPES = YES;
				CLANG_WARN_SUSPICIOUS_MOVE = YES;
				CLANG_WARN_UNGUARDED_AVAILABILITY = YES_AGGRESSIVE;
				CLANG_WARN_UNREACHABLE_CODE = YES;
				CLANG_WARN__DUPLICATE_METHOD_MATCH = YES;
				COPY_PHASE_STRIP = NO;
				DEBUG_INFORMATION_FORMAT = "dwarf-with-dsym";
				ENABLE_NS_ASSERTIONS = NO;
				ENABLE_STRICT_OBJC_MSGSEND = YES;
				GCC_C_LANGUAGE_STANDARD = gnu11;
				GCC_NO_COMMON_BLOCKS = YES;
				GCC_WARN_64_TO_32_BIT_CONVERSION = YES;
				GCC_WARN_ABOUT_RETURN_TYPE = YES_ERROR;
				GCC_WARN_UNDECLARED_SELECTOR = YES;
				GCC_WARN_UNINITIALIZED_AUTOS = YES_AGGRESSIVE;
				GCC_WARN_UNUSED_FUNCTION = YES;
				GCC_WARN_UNUSED_VARIABLE = YES;
				IPHONEOS_DEPLOYMENT_TARGET = 13.1;
				MTL_ENABLE_DEBUG_INFO = NO;
				MTL_FAST_MATH = YES;
				SDKROOT = iphoneos;
				SWIFT_COMPILATION_MODE = wholemodule;
				SWIFT_OPTIMIZATION_LEVEL = "-O";
				VALIDATE_PRODUCT = YES;
			};
			name = Release;
		};
		E8CF000D237F708C009ADAB2 /* Debug */ = {
			isa = XCBuildConfiguration;
			baseConfigurationReference = 75D2F898EF118B8E840664A4 /* Pods-Parstagram.debug.xcconfig */;
			buildSettings = {
				ASSETCATALOG_COMPILER_APPICON_NAME = AppIcon;
				CODE_SIGN_STYLE = Automatic;
				INFOPLIST_FILE = Parstagram/Info.plist;
				LD_RUNPATH_SEARCH_PATHS = (
					"$(inherited)",
					"@executable_path/Frameworks",
				);
				PRODUCT_BUNDLE_IDENTIFIER = com.newapp.Parstagram;
				PRODUCT_NAME = "$(TARGET_NAME)";
				SWIFT_VERSION = 5.0;
				TARGETED_DEVICE_FAMILY = "1,2";
			};
			name = Debug;
		};
		E8CF000E237F708C009ADAB2 /* Release */ = {
			isa = XCBuildConfiguration;
			baseConfigurationReference = D0DBCDF30F8D3D4FA6928222 /* Pods-Parstagram.release.xcconfig */;
			buildSettings = {
				ASSETCATALOG_COMPILER_APPICON_NAME = AppIcon;
				CODE_SIGN_STYLE = Automatic;
				INFOPLIST_FILE = Parstagram/Info.plist;
				LD_RUNPATH_SEARCH_PATHS = (
					"$(inherited)",
					"@executable_path/Frameworks",
				);
				PRODUCT_BUNDLE_IDENTIFIER = com.newapp.Parstagram;
				PRODUCT_NAME = "$(TARGET_NAME)";
				SWIFT_VERSION = 5.0;
				TARGETED_DEVICE_FAMILY = "1,2";
			};
			name = Release;
		};
		E8CF0010237F708C009ADAB2 /* Debug */ = {
			isa = XCBuildConfiguration;
			baseConfigurationReference = 73AEC932EF8D99768DC71080 /* Pods-ParstagramTests.debug.xcconfig */;
			buildSettings = {
				ALWAYS_EMBED_SWIFT_STANDARD_LIBRARIES = YES;
				BUNDLE_LOADER = "$(TEST_HOST)";
				CODE_SIGN_STYLE = Automatic;
				INFOPLIST_FILE = ParstagramTests/Info.plist;
				IPHONEOS_DEPLOYMENT_TARGET = 13.1;
				LD_RUNPATH_SEARCH_PATHS = (
					"$(inherited)",
					"@executable_path/Frameworks",
					"@loader_path/Frameworks",
				);
				PRODUCT_BUNDLE_IDENTIFIER = com.newapp.ParstagramTests;
				PRODUCT_NAME = "$(TARGET_NAME)";
				SWIFT_VERSION = 5.0;
				TARGETED_DEVICE_FAMILY = "1,2";
				TEST_HOST = "$(BUILT_PRODUCTS_DIR)/Parstagram.app/Parstagram";
			};
			name = Debug;
		};
		E8CF0011237F708C009ADAB2 /* Release */ = {
			isa = XCBuildConfiguration;
			baseConfigurationReference = CE6F804817645D2D27D56517 /* Pods-ParstagramTests.release.xcconfig */;
			buildSettings = {
				ALWAYS_EMBED_SWIFT_STANDARD_LIBRARIES = YES;
				BUNDLE_LOADER = "$(TEST_HOST)";
				CODE_SIGN_STYLE = Automatic;
				INFOPLIST_FILE = ParstagramTests/Info.plist;
				IPHONEOS_DEPLOYMENT_TARGET = 13.1;
				LD_RUNPATH_SEARCH_PATHS = (
					"$(inherited)",
					"@executable_path/Frameworks",
					"@loader_path/Frameworks",
				);
				PRODUCT_BUNDLE_IDENTIFIER = com.newapp.ParstagramTests;
				PRODUCT_NAME = "$(TARGET_NAME)";
				SWIFT_VERSION = 5.0;
				TARGETED_DEVICE_FAMILY = "1,2";
				TEST_HOST = "$(BUILT_PRODUCTS_DIR)/Parstagram.app/Parstagram";
			};
			name = Release;
		};
		E8CF0013237F708C009ADAB2 /* Debug */ = {
			isa = XCBuildConfiguration;
			baseConfigurationReference = 8C43B72E5A10577AC5BB04F8 /* Pods-Parstagram-ParstagramUITests.debug.xcconfig */;
			buildSettings = {
				ALWAYS_EMBED_SWIFT_STANDARD_LIBRARIES = YES;
				CODE_SIGN_STYLE = Automatic;
				INFOPLIST_FILE = ParstagramUITests/Info.plist;
				LD_RUNPATH_SEARCH_PATHS = (
					"$(inherited)",
					"@executable_path/Frameworks",
					"@loader_path/Frameworks",
				);
				PRODUCT_BUNDLE_IDENTIFIER = com.newapp.ParstagramUITests;
				PRODUCT_NAME = "$(TARGET_NAME)";
				SWIFT_VERSION = 5.0;
				TARGETED_DEVICE_FAMILY = "1,2";
				TEST_TARGET_NAME = Parstagram;
			};
			name = Debug;
		};
		E8CF0014237F708C009ADAB2 /* Release */ = {
			isa = XCBuildConfiguration;
			baseConfigurationReference = C78BC73AD8814F5F17275EC0 /* Pods-Parstagram-ParstagramUITests.release.xcconfig */;
			buildSettings = {
				ALWAYS_EMBED_SWIFT_STANDARD_LIBRARIES = YES;
				CODE_SIGN_STYLE = Automatic;
				INFOPLIST_FILE = ParstagramUITests/Info.plist;
				LD_RUNPATH_SEARCH_PATHS = (
					"$(inherited)",
					"@executable_path/Frameworks",
					"@loader_path/Frameworks",
				);
				PRODUCT_BUNDLE_IDENTIFIER = com.newapp.ParstagramUITests;
				PRODUCT_NAME = "$(TARGET_NAME)";
				SWIFT_VERSION = 5.0;
				TARGETED_DEVICE_FAMILY = "1,2";
				TEST_TARGET_NAME = Parstagram;
			};
			name = Release;
		};
/* End XCBuildConfiguration section */

/* Begin XCConfigurationList section */
		E8CF000C237F708C009ADAB2 /* Build configuration list for PBXNativeTarget "Parstagram" */ = {
			isa = XCConfigurationList;
			buildConfigurations = (
				E8CF000D237F708C009ADAB2 /* Debug */,
				E8CF000E237F708C009ADAB2 /* Release */,
			);
			defaultConfigurationIsVisible = 0;
			defaultConfigurationName = Release;
		};
		E8CF000F237F708C009ADAB2 /* Build configuration list for PBXNativeTarget "ParstagramTests" */ = {
			isa = XCConfigurationList;
			buildConfigurations = (
				E8CF0010237F708C009ADAB2 /* Debug */,
				E8CF0011237F708C009ADAB2 /* Release */,
			);
			defaultConfigurationIsVisible = 0;
			defaultConfigurationName = Release;
		};
		E8CF0012237F708C009ADAB2 /* Build configuration list for PBXNativeTarget "ParstagramUITests" */ = {
			isa = XCConfigurationList;
			buildConfigurations = (
				E8CF0013237F708C009ADAB2 /* Debug */,
				E8CF0014237F708C009ADAB2 /* Release */,
			);
			defaultConfigurationIsVisible = 0;
			defaultConfigurationName = Release;
		};
		E8CFFFDD237F7089009ADAB2 /* Build configuration list for PBXProject "Parstagram" */ = {
			isa = XCConfigurationList;
			buildConfigurations = (
				E8CF000A237F708C009ADAB2 /* Debug */,
				E8CF000B237F708C009ADAB2 /* Release */,
			);
			defaultConfigurationIsVisible = 0;
			defaultConfigurationName = Release;
		};
/* End XCConfigurationList section */
	};
	rootObject = E8CFFFDA237F7089009ADAB2 /* Project object */;
}
