// !$*UTF8*$!
{
	archiveVersion = 1;
	classes = {
	};
	objectVersion = 50;
	objects = {

/* Begin PBXBuildFile section */
		E8CF0008237F708C009ADAB2 /* ParstagramUITests.swift in Sources */ = {isa = PBXBuildFile; fileRef = E8CF0007237F708C009ADAB2 /* ParstagramUITests.swift */; };
		E8CFFFE6237F7089009ADAB2 /* AppDelegate.swift in Sources */ = {isa = PBXBuildFile; fileRef = E8CFFFE5237F7089009ADAB2 /* AppDelegate.swift */; };
		E8CFFFE8237F7089009ADAB2 /* SceneDelegate.swift in Sources */ = {isa = PBXBuildFile; fileRef = E8CFFFE7237F7089009ADAB2 /* SceneDelegate.swift */; };
		E8CFFFEA237F7089009ADAB2 /* ViewController.swift in Sources */ = {isa = PBXBuildFile; fileRef = E8CFFFE9237F7089009ADAB2 /* ViewController.swift */; };
		E8CFFFED237F7089009ADAB2 /* Main.storyboard in Resources */ = {isa = PBXBuildFile; fileRef = E8CFFFEB237F7089009ADAB2 /* Main.storyboard */; };
		E8CFFFEF237F708C009ADAB2 /* Assets.xcassets in Resources */ = {isa = PBXBuildFile; fileRef = E8CFFFEE237F708C009ADAB2 /* Assets.xcassets */; };
		E8CFFFF2237F708C009ADAB2 /* LaunchScreen.storyboard in Resources */ = {isa = PBXBuildFile; fileRef = E8CFFFF0237F708C009ADAB2 /* LaunchScreen.storyboard */; };
		E8CFFFFD237F708C009ADAB2 /* ParstagramTests.swift in Sources */ = {isa = PBXBuildFile; fileRef = E8CFFFFC237F708C009ADAB2 /* ParstagramTests.swift */; };
/* End PBXBuildFile section */

/* Begin PBXContainerItemProxy section */
		E8CF0004237F708C009ADAB2 /* PBXContainerItemProxy */ = {
			isa = PBXContainerItemProxy;
			containerPortal = E8CFFFDA237F7089009ADAB2 /* Project object */;
			proxyType = 1;
			remoteGlobalIDString = E8CFFFE1237F7089009ADAB2;
			remoteInfo = Parstagram;
		};
		E8CFFFF9237F708C009ADAB2 /* PBXContainerItemProxy */ = {
			isa = PBXContainerItemProxy;
			containerPortal = E8CFFFDA237F7089009ADAB2 /* Project object */;
			proxyType = 1;
			remoteGlobalIDString = E8CFFFE1237F7089009ADAB2;
			remoteInfo = Parstagram;
		};
/* End PBXContainerItemProxy section */

/* Begin PBXFileReference section */
		E8CF0003237F708C009ADAB2 /* ParstagramUITests.xctest */ = {isa = PBXFileReference; explicitFileType = wrapper.cfbundle; includeInIndex = 0; path = ParstagramUITests.xctest; sourceTree = BUILT_PRODUCTS_DIR; };
		E8CF0007237F708C009ADAB2 /* ParstagramUITests.swift */ = {isa = PBXFileReference; lastKnownFileType = sourcecode.swift; path = ParstagramUITests.swift; sourceTree = "<group>"; };
		E8CF0009237F708C009ADAB2 /* Info.plist */ = {isa = PBXFileReference; lastKnownFileType = text.plist.xml; path = Info.plist; sourceTree = "<group>"; };
		E8CFFFE2237F7089009ADAB2 /* Parstagram.app */ = {isa = PBXFileReference; explicitFileType = wrapper.application; includeInIndex = 0; path = Parstagram.app; sourceTree = BUILT_PRODUCTS_DIR; };
		E8CFFFE5237F7089009ADAB2 /* AppDelegate.swift */ = {isa = PBXFileReference; lastKnownFileType = sourcecode.swift; path = AppDelegate.swift; sourceTree = "<group>"; };
		E8CFFFE7237F7089009ADAB2 /* SceneDelegate.swift */ = {isa = PBXFileReference; lastKnownFileType = sourcecode.swift; path = SceneDelegate.swift; sourceTree = "<group>"; };
		E8CFFFE9237F7089009ADAB2 /* ViewController.swift */ = {isa = PBXFileReference; lastKnownFileType = sourcecode.swift; path = ViewController.swift; sourceTree = "<group>"; };
		E8CFFFEC237F7089009ADAB2 /* Base */ = {isa = PBXFileReference; lastKnownFileType = file.storyboard; name = Base; path = Base.lproj/Main.storyboard; sourceTree = "<group>"; };
		E8CFFFEE237F708C009ADAB2 /* Assets.xcassets */ = {isa = PBXFileReference; lastKnownFileType = folder.assetcatalog; path = Assets.xcassets; sourceTree = "<group>"; };
		E8CFFFF1237F708C009ADAB2 /* Base */ = {isa = PBXFileReference; lastKnownFileType = file.storyboard; name = Base; path = Base.lproj/LaunchScreen.storyboard; sourceTree = "<group>"; };
		E8CFFFF3237F708C009ADAB2 /* Info.plist */ = {isa = PBXFileReference; lastKnownFileType = text.plist.xml; path = Info.plist; sourceTree = "<group>"; };
		E8CFFFF8237F708C009ADAB2 /* ParstagramTests.xctest */ = {isa = PBXFileReference; explicitFileType = wrapper.cfbundle; includeInIndex = 0; path = ParstagramTests.xctest; sourceTree = BUILT_PRODUCTS_DIR; };
		E8CFFFFC237F708C009ADAB2 /* ParstagramTests.swift */ = {isa = PBXFileReference; lastKnownFileType = sourcecode.swift; path = ParstagramTests.swift; sourceTree = "<group>"; };
		E8CFFFFE237F708C009ADAB2 /* Info.plist */ = {isa = PBXFileReference; lastKnownFileType = text.plist.xml; path = Info.plist; sourceTree = "<group>"; };
/* End PBXFileReference section */

/* Begin PBXFrameworksBuildPhase section */
		E8CF0000237F708C009ADAB2 /* Frameworks */ = {
			isa = PBXFrameworksBuildPhase;
			buildActionMask = 2147483647;
			files = (
			);
			runOnlyForDeploymentPostprocessing = 0;
		};
		E8CFFFDF237F7089009ADAB2 /* Frameworks */ = {
			isa = PBXFrameworksBuildPhase;
			buildActionMask = 2147483647;
			files = (
			);
			runOnlyForDeploymentPostprocessing = 0;
		};
		E8CFFFF5237F708C009ADAB2 /* Frameworks */ = {
			isa = PBXFrameworksBuildPhase;
			buildActionMask = 2147483647;
			files = (
			);
			runOnlyForDeploymentPostprocessing = 0;
		};
/* End PBXFrameworksBuildPhase section */

/* Begin PBXGroup section */
		E8CF0006237F708C009ADAB2 /* ParstagramUITests */ = {
			isa = PBXGroup;
			children = (
				E8CF0007237F708C009ADAB2 /* ParstagramUITests.swift */,
				E8CF0009237F708C009ADAB2 /* Info.plist */,
			);
			path = ParstagramUITests;
			sourceTree = "<group>";
		};
		E8CFFFD9237F7089009ADAB2 = {
			isa = PBXGroup;
			children = (
				E8CFFFE4237F7089009ADAB2 /* Parstagram */,
				E8CFFFFB237F708C009ADAB2 /* ParstagramTests */,
				E8CF0006237F708C009ADAB2 /* ParstagramUITests */,
				E8CFFFE3237F7089009ADAB2 /* Products */,
			);
			sourceTree = "<group>";
		};
		E8CFFFE3237F7089009ADAB2 /* Products */ = {
			isa = PBXGroup;
			children = (
				E8CFFFE2237F7089009ADAB2 /* Parstagram.app */,
				E8CFFFF8237F708C009ADAB2 /* ParstagramTests.xctest */,
				E8CF0003237F708C009ADAB2 /* ParstagramUITests.xctest */,
			);
			name = Products;
			sourceTree = "<group>";
		};
		E8CFFFE4237F7089009ADAB2 /* Parstagram */ = {
			isa = PBXGroup;
			children = (
				E8CFFFE5237F7089009ADAB2 /* AppDelegate.swift */,
				E8CFFFE7237F7089009ADAB2 /* SceneDelegate.swift */,
				E8CFFFE9237F7089009ADAB2 /* ViewController.swift */,
				E8CFFFEB237F7089009ADAB2 /* Main.storyboard */,
				E8CFFFEE237F708C009ADAB2 /* Assets.xcassets */,
				E8CFFFF0237F708C009ADAB2 /* LaunchScreen.storyboard */,
				E8CFFFF3237F708C009ADAB2 /* Info.plist */,
			);
			path = Parstagram;
			sourceTree = "<group>";
		};
		E8CFFFFB237F708C009ADAB2 /* ParstagramTests */ = {
			isa = PBXGroup;
			children = (
				E8CFFFFC237F708C009ADAB2 /* ParstagramTests.swift */,
				E8CFFFFE237F708C009ADAB2 /* Info.plist */,
			);
			path = ParstagramTests;
			sourceTree = "<group>";
		};
/* End PBXGroup section */

/* Begin PBXNativeTarget section */
		E8CF0002237F708C009ADAB2 /* ParstagramUITests */ = {
			isa = PBXNativeTarget;
			buildConfigurationList = E8CF0012237F708C009ADAB2 /* Build configuration list for PBXNativeTarget "ParstagramUITests" */;
			buildPhases = (
				E8CFFFFF237F708C009ADAB2 /* Sources */,
				E8CF0000237F708C009ADAB2 /* Frameworks */,
				E8CF0001237F708C009ADAB2 /* Resources */,
			);
			buildRules = (
			);
			dependencies = (
				E8CF0005237F708C009ADAB2 /* PBXTargetDependency */,
			);
			name = ParstagramUITests;
			productName = ParstagramUITests;
			productReference = E8CF0003237F708C009ADAB2 /* ParstagramUITests.xctest */;
			productType = "com.apple.product-type.bundle.ui-testing";
		};
		E8CFFFE1237F7089009ADAB2 /* Parstagram */ = {
			isa = PBXNativeTarget;
			buildConfigurationList = E8CF000C237F708C009ADAB2 /* Build configuration list for PBXNativeTarget "Parstagram" */;
			buildPhases = (
				E8CFFFDE237F7089009ADAB2 /* Sources */,
				E8CFFFDF237F7089009ADAB2 /* Frameworks */,
				E8CFFFE0237F7089009ADAB2 /* Resources */,
			);
			buildRules = (
			);
			dependencies = (
			);
			name = Parstagram;
			productName = Parstagram;
			productReference = E8CFFFE2237F7089009ADAB2 /* Parstagram.app */;
			productType = "com.apple.product-type.application";
		};
		E8CFFFF7237F708C009ADAB2 /* ParstagramTests */ = {
			isa = PBXNativeTarget;
			buildConfigurationList = E8CF000F237F708C009ADAB2 /* Build configuration list for PBXNativeTarget "ParstagramTests" */;
			buildPhases = (
				E8CFFFF4237F708C009ADAB2 /* Sources */,
				E8CFFFF5237F708C009ADAB2 /* Frameworks */,
				E8CFFFF6237F708C009ADAB2 /* Resources */,
			);
			buildRules = (
			);
			dependencies = (
				E8CFFFFA237F708C009ADAB2 /* PBXTargetDependency */,
			);
			name = ParstagramTests;
			productName = ParstagramTests;
			productReference = E8CFFFF8237F708C009ADAB2 /* ParstagramTests.xctest */;
			productType = "com.apple.product-type.bundle.unit-test";
		};
/* End PBXNativeTarget section */

/* Begin PBXProject section */
		E8CFFFDA237F7089009ADAB2 /* Project object */ = {
			isa = PBXProject;
			attributes = {
				LastSwiftUpdateCheck = 1110;
				LastUpgradeCheck = 1110;
				ORGANIZATIONNAME = "Meagan Olsen";
				TargetAttributes = {
					E8CF0002237F708C009ADAB2 = {
						CreatedOnToolsVersion = 11.1;
						TestTargetID = E8CFFFE1237F7089009ADAB2;
					};
					E8CFFFE1237F7089009ADAB2 = {
						CreatedOnToolsVersion = 11.1;
					};
					E8CFFFF7237F708C009ADAB2 = {
						CreatedOnToolsVersion = 11.1;
						TestTargetID = E8CFFFE1237F7089009ADAB2;
					};
				};
			};
			buildConfigurationList = E8CFFFDD237F7089009ADAB2 /* Build configuration list for PBXProject "Parstagram" */;
			compatibilityVersion = "Xcode 9.3";
			developmentRegion = en;
			hasScannedForEncodings = 0;
			knownRegions = (
				en,
				Base,
			);
			mainGroup = E8CFFFD9237F7089009ADAB2;
			productRefGroup = E8CFFFE3237F7089009ADAB2 /* Products */;
			projectDirPath = "";
			projectRoot = "";
			targets = (
				E8CFFFE1237F7089009ADAB2 /* Parstagram */,
				E8CFFFF7237F708C009ADAB2 /* ParstagramTests */,
				E8CF0002237F708C009ADAB2 /* ParstagramUITests */,
			);
		};
/* End PBXProject section */

/* Begin PBXResourcesBuildPhase section */
		E8CF0001237F708C009ADAB2 /* Resources */ = {
			isa = PBXResourcesBuildPhase;
			buildActionMask = 2147483647;
			files = (
			);
			runOnlyForDeploymentPostprocessing = 0;
		};
		E8CFFFE0237F7089009ADAB2 /* Resources */ = {
			isa = PBXResourcesBuildPhase;
			buildActionMask = 2147483647;
			files = (
				E8CFFFF2237F708C009ADAB2 /* LaunchScreen.storyboard in Resources */,
				E8CFFFEF237F708C009ADAB2 /* Assets.xcassets in Resources */,
				E8CFFFED237F7089009ADAB2 /* Main.storyboard in Resources */,
			);
			runOnlyForDeploymentPostprocessing = 0;
		};
		E8CFFFF6237F708C009ADAB2 /* Resources */ = {
			isa = PBXResourcesBuildPhase;
			buildActionMask = 2147483647;
			files = (
			);
			runOnlyForDeploymentPostprocessing = 0;
		};
/* End PBXResourcesBuildPhase section */

/* Begin PBXSourcesBuildPhase section */
		E8CFFFDE237F7089009ADAB2 /* Sources */ = {
			isa = PBXSourcesBuildPhase;
			buildActionMask = 2147483647;
			files = (
				E8CFFFEA237F7089009ADAB2 /* ViewController.swift in Sources */,
				E8CFFFE6237F7089009ADAB2 /* AppDelegate.swift in Sources */,
				E8CFFFE8237F7089009ADAB2 /* SceneDelegate.swift in Sources */,
			);
			runOnlyForDeploymentPostprocessing = 0;
		};
		E8CFFFF4237F708C009ADAB2 /* Sources */ = {
			isa = PBXSourcesBuildPhase;
			buildActionMask = 2147483647;
			files = (
				E8CFFFFD237F708C009ADAB2 /* ParstagramTests.swift in Sources */,
			);
			runOnlyForDeploymentPostprocessing = 0;
		};
		E8CFFFFF237F708C009ADAB2 /* Sources */ = {
			isa = PBXSourcesBuildPhase;
			buildActionMask = 2147483647;
			files = (
				E8CF0008237F708C009ADAB2 /* ParstagramUITests.swift in Sources */,
			);
			runOnlyForDeploymentPostprocessing = 0;
		};
/* End PBXSourcesBuildPhase section */

/* Begin PBXTargetDependency section */
		E8CF0005237F708C009ADAB2 /* PBXTargetDependency */ = {
			isa = PBXTargetDependency;
			target = E8CFFFE1237F7089009ADAB2 /* Parstagram */;
			targetProxy = E8CF0004237F708C009ADAB2 /* PBXContainerItemProxy */;
		};
		E8CFFFFA237F708C009ADAB2 /* PBXTargetDependency */ = {
			isa = PBXTargetDependency;
			target = E8CFFFE1237F7089009ADAB2 /* Parstagram */;
			targetProxy = E8CFFFF9237F708C009ADAB2 /* PBXContainerItemProxy */;
		};
/* End PBXTargetDependency section */

/* Begin PBXVariantGroup section */
		E8CFFFEB237F7089009ADAB2 /* Main.storyboard */ = {
			isa = PBXVariantGroup;
			children = (
				E8CFFFEC237F7089009ADAB2 /* Base */,
			);
			name = Main.storyboard;
			sourceTree = "<group>";
		};
		E8CFFFF0237F708C009ADAB2 /* LaunchScreen.storyboard */ = {
			isa = PBXVariantGroup;
			children = (
				E8CFFFF1237F708C009ADAB2 /* Base */,
			);
			name = LaunchScreen.storyboard;
			sourceTree = "<group>";
		};
/* End PBXVariantGroup section */

/* Begin XCBuildConfiguration section */
		E8CF000A237F708C009ADAB2 /* Debug */ = {
			isa = XCBuildConfiguration;
			buildSettings = {
				ALWAYS_SEARCH_USER_PATHS = NO;
				CLANG_ANALYZER_NONNULL = YES;
				CLANG_ANALYZER_NUMBER_OBJECT_CONVERSION = YES_AGGRESSIVE;
				CLANG_CXX_LANGUAGE_STANDARD = "gnu++14";
				CLANG_CXX_LIBRARY = "libc++";
				CLANG_ENABLE_MODULES = YES;
				CLANG_ENABLE_OBJC_ARC = YES;
				CLANG_ENABLE_OBJC_WEAK = YES;
				CLANG_WARN_BLOCK_CAPTURE_AUTORELEASING = YES;
				CLANG_WARN_BOOL_CONVERSION = YES;
				CLANG_WARN_COMMA = YES;
				CLANG_WARN_CONSTANT_CONVERSION = YES;
				CLANG_WARN_DEPRECATED_OBJC_IMPLEMENTATIONS = YES;
				CLANG_WARN_DIRECT_OBJC_ISA_USAGE = YES_ERROR;
				CLANG_WARN_DOCUMENTATION_COMMENTS = YES;
				CLANG_WARN_EMPTY_BODY = YES;
				CLANG_WARN_ENUM_CONVERSION = YES;
				CLANG_WARN_INFINITE_RECURSION = YES;
				CLANG_WARN_INT_CONVERSION = YES;
				CLANG_WARN_NON_LITERAL_NULL_CONVERSION = YES;
				CLANG_WARN_OBJC_IMPLICIT_RETAIN_SELF = YES;
				CLANG_WARN_OBJC_LITERAL_CONVERSION = YES;
				CLANG_WARN_OBJC_ROOT_CLASS = YES_ERROR;
				CLANG_WARN_RANGE_LOOP_ANALYSIS = YES;
				CLANG_WARN_STRICT_PROTOTYPES = YES;
				CLANG_WARN_SUSPICIOUS_MOVE = YES;
				CLANG_WARN_UNGUARDED_AVAILABILITY = YES_AGGRESSIVE;
				CLANG_WARN_UNREACHABLE_CODE = YES;
				CLANG_WARN__DUPLICATE_METHOD_MATCH = YES;
				COPY_PHASE_STRIP = NO;
				DEBUG_INFORMATION_FORMAT = dwarf;
				ENABLE_STRICT_OBJC_MSGSEND = YES;
				ENABLE_TESTABILITY = YES;
				GCC_C_LANGUAGE_STANDARD = gnu11;
				GCC_DYNAMIC_NO_PIC = NO;
				GCC_NO_COMMON_BLOCKS = YES;
				GCC_OPTIMIZATION_LEVEL = 0;
				GCC_PREPROCESSOR_DEFINITIONS = (
					"DEBUG=1",
					"$(inherited)",
				);
				GCC_WARN_64_TO_32_BIT_CONVERSION = YES;
				GCC_WARN_ABOUT_RETURN_TYPE = YES_ERROR;
				GCC_WARN_UNDECLARED_SELECTOR = YES;
				GCC_WARN_UNINITIALIZED_AUTOS = YES_AGGRESSIVE;
				GCC_WARN_UNUSED_FUNCTION = YES;
				GCC_WARN_UNUSED_VARIABLE = YES;
				IPHONEOS_DEPLOYMENT_TARGET = 13.1;
				MTL_ENABLE_DEBUG_INFO = INCLUDE_SOURCE;
				MTL_FAST_MATH = YES;
				ONLY_ACTIVE_ARCH = YES;
				SDKROOT = iphoneos;
				SWIFT_ACTIVE_COMPILATION_CONDITIONS = DEBUG;
				SWIFT_OPTIMIZATION_LEVEL = "-Onone";
			};
			name = Debug;
		};
		E8CF000B237F708C009ADAB2 /* Release */ = {
			isa = XCBuildConfiguration;
			buildSettings = {
				ALWAYS_SEARCH_USER_PATHS = NO;
				CLANG_ANALYZER_NONNULL = YES;
				CLANG_ANALYZER_NUMBER_OBJECT_CONVERSION = YES_AGGRESSIVE;
				CLANG_CXX_LANGUAGE_STANDARD = "gnu++14";
				CLANG_CXX_LIBRARY = "libc++";
				CLANG_ENABLE_MODULES = YES;
				CLANG_ENABLE_OBJC_ARC = YES;
				CLANG_ENABLE_OBJC_WEAK = YES;
				CLANG_WARN_BLOCK_CAPTURE_AUTORELEASING = YES;
				CLANG_WARN_BOOL_CONVERSION = YES;
				CLANG_WARN_COMMA = YES;
				CLANG_WARN_CONSTANT_CONVERSION = YES;
				CLANG_WARN_DEPRECATED_OBJC_IMPLEMENTATIONS = YES;
				CLANG_WARN_DIRECT_OBJC_ISA_USAGE = YES_ERROR;
				CLANG_WARN_DOCUMENTATION_COMMENTS = YES;
				CLANG_WARN_EMPTY_BODY = YES;
				CLANG_WARN_ENUM_CONVERSION = YES;
				CLANG_WARN_INFINITE_RECURSION = YES;
				CLANG_WARN_INT_CONVERSION = YES;
				CLANG_WARN_NON_LITERAL_NULL_CONVERSION = YES;
				CLANG_WARN_OBJC_IMPLICIT_RETAIN_SELF = YES;
				CLANG_WARN_OBJC_LITERAL_CONVERSION = YES;
				CLANG_WARN_OBJC_ROOT_CLASS = YES_ERROR;
				CLANG_WARN_RANGE_LOOP_ANALYSIS = YES;
				CLANG_WARN_STRICT_PROTOTYPES = YES;
				CLANG_WARN_SUSPICIOUS_MOVE = YES;
				CLANG_WARN_UNGUARDED_AVAILABILITY = YES_AGGRESSIVE;
				CLANG_WARN_UNREACHABLE_CODE = YES;
				CLANG_WARN__DUPLICATE_METHOD_MATCH = YES;
				COPY_PHASE_STRIP = NO;
				DEBUG_INFORMATION_FORMAT = "dwarf-with-dsym";
				ENABLE_NS_ASSERTIONS = NO;
				ENABLE_STRICT_OBJC_MSGSEND = YES;
				GCC_C_LANGUAGE_STANDARD = gnu11;
				GCC_NO_COMMON_BLOCKS = YES;
				GCC_WARN_64_TO_32_BIT_CONVERSION = YES;
				GCC_WARN_ABOUT_RETURN_TYPE = YES_ERROR;
				GCC_WARN_UNDECLARED_SELECTOR = YES;
				GCC_WARN_UNINITIALIZED_AUTOS = YES_AGGRESSIVE;
				GCC_WARN_UNUSED_FUNCTION = YES;
				GCC_WARN_UNUSED_VARIABLE = YES;
				IPHONEOS_DEPLOYMENT_TARGET = 13.1;
				MTL_ENABLE_DEBUG_INFO = NO;
				MTL_FAST_MATH = YES;
				SDKROOT = iphoneos;
				SWIFT_COMPILATION_MODE = wholemodule;
				SWIFT_OPTIMIZATION_LEVEL = "-O";
				VALIDATE_PRODUCT = YES;
			};
			name = Release;
		};
		E8CF000D237F708C009ADAB2 /* Debug */ = {
			isa = XCBuildConfiguration;
			buildSettings = {
				ASSETCATALOG_COMPILER_APPICON_NAME = AppIcon;
				CODE_SIGN_STYLE = Automatic;
				INFOPLIST_FILE = Parstagram/Info.plist;
				LD_RUNPATH_SEARCH_PATHS = (
					"$(inherited)",
					"@executable_path/Frameworks",
				);
				PRODUCT_BUNDLE_IDENTIFIER = com.newapp.Parstagram;
				PRODUCT_NAME = "$(TARGET_NAME)";
				SWIFT_VERSION = 5.0;
				TARGETED_DEVICE_FAMILY = "1,2";
			};
			name = Debug;
		};
		E8CF000E237F708C009ADAB2 /* Release */ = {
			isa = XCBuildConfiguration;
			buildSettings = {
				ASSETCATALOG_COMPILER_APPICON_NAME = AppIcon;
				CODE_SIGN_STYLE = Automatic;
				INFOPLIST_FILE = Parstagram/Info.plist;
				LD_RUNPATH_SEARCH_PATHS = (
					"$(inherited)",
					"@executable_path/Frameworks",
				);
				PRODUCT_BUNDLE_IDENTIFIER = com.newapp.Parstagram;
				PRODUCT_NAME = "$(TARGET_NAME)";
				SWIFT_VERSION = 5.0;
				TARGETED_DEVICE_FAMILY = "1,2";
			};
			name = Release;
		};
		E8CF0010237F708C009ADAB2 /* Debug */ = {
			isa = XCBuildConfiguration;
			buildSettings = {
				ALWAYS_EMBED_SWIFT_STANDARD_LIBRARIES = YES;
				BUNDLE_LOADER = "$(TEST_HOST)";
				CODE_SIGN_STYLE = Automatic;
				INFOPLIST_FILE = ParstagramTests/Info.plist;
				IPHONEOS_DEPLOYMENT_TARGET = 13.1;
				LD_RUNPATH_SEARCH_PATHS = (
					"$(inherited)",
					"@executable_path/Frameworks",
					"@loader_path/Frameworks",
				);
				PRODUCT_BUNDLE_IDENTIFIER = com.newapp.ParstagramTests;
				PRODUCT_NAME = "$(TARGET_NAME)";
				SWIFT_VERSION = 5.0;
				TARGETED_DEVICE_FAMILY = "1,2";
				TEST_HOST = "$(BUILT_PRODUCTS_DIR)/Parstagram.app/Parstagram";
			};
			name = Debug;
		};
		E8CF0011237F708C009ADAB2 /* Release */ = {
			isa = XCBuildConfiguration;
			buildSettings = {
				ALWAYS_EMBED_SWIFT_STANDARD_LIBRARIES = YES;
				BUNDLE_LOADER = "$(TEST_HOST)";
				CODE_SIGN_STYLE = Automatic;
				INFOPLIST_FILE = ParstagramTests/Info.plist;
				IPHONEOS_DEPLOYMENT_TARGET = 13.1;
				LD_RUNPATH_SEARCH_PATHS = (
					"$(inherited)",
					"@executable_path/Frameworks",
					"@loader_path/Frameworks",
				);
				PRODUCT_BUNDLE_IDENTIFIER = com.newapp.ParstagramTests;
				PRODUCT_NAME = "$(TARGET_NAME)";
				SWIFT_VERSION = 5.0;
				TARGETED_DEVICE_FAMILY = "1,2";
				TEST_HOST = "$(BUILT_PRODUCTS_DIR)/Parstagram.app/Parstagram";
			};
			name = Release;
		};
		E8CF0013237F708C009ADAB2 /* Debug */ = {
			isa = XCBuildConfiguration;
			buildSettings = {
				ALWAYS_EMBED_SWIFT_STANDARD_LIBRARIES = YES;
				CODE_SIGN_STYLE = Automatic;
				INFOPLIST_FILE = ParstagramUITests/Info.plist;
				LD_RUNPATH_SEARCH_PATHS = (
					"$(inherited)",
					"@executable_path/Frameworks",
					"@loader_path/Frameworks",
				);
				PRODUCT_BUNDLE_IDENTIFIER = com.newapp.ParstagramUITests;
				PRODUCT_NAME = "$(TARGET_NAME)";
				SWIFT_VERSION = 5.0;
				TARGETED_DEVICE_FAMILY = "1,2";
				TEST_TARGET_NAME = Parstagram;
			};
			name = Debug;
		};
		E8CF0014237F708C009ADAB2 /* Release */ = {
			isa = XCBuildConfiguration;
			buildSettings = {
				ALWAYS_EMBED_SWIFT_STANDARD_LIBRARIES = YES;
				CODE_SIGN_STYLE = Automatic;
				INFOPLIST_FILE = ParstagramUITests/Info.plist;
				LD_RUNPATH_SEARCH_PATHS = (
					"$(inherited)",
					"@executable_path/Frameworks",
					"@loader_path/Frameworks",
				);
				PRODUCT_BUNDLE_IDENTIFIER = com.newapp.ParstagramUITests;
				PRODUCT_NAME = "$(TARGET_NAME)";
				SWIFT_VERSION = 5.0;
				TARGETED_DEVICE_FAMILY = "1,2";
				TEST_TARGET_NAME = Parstagram;
			};
			name = Release;
		};
/* End XCBuildConfiguration section */

/* Begin XCConfigurationList section */
		E8CF000C237F708C009ADAB2 /* Build configuration list for PBXNativeTarget "Parstagram" */ = {
			isa = XCConfigurationList;
			buildConfigurations = (
				E8CF000D237F708C009ADAB2 /* Debug */,
				E8CF000E237F708C009ADAB2 /* Release */,
			);
			defaultConfigurationIsVisible = 0;
			defaultConfigurationName = Release;
		};
		E8CF000F237F708C009ADAB2 /* Build configuration list for PBXNativeTarget "ParstagramTests" */ = {
			isa = XCConfigurationList;
			buildConfigurations = (
				E8CF0010237F708C009ADAB2 /* Debug */,
				E8CF0011237F708C009ADAB2 /* Release */,
			);
			defaultConfigurationIsVisible = 0;
			defaultConfigurationName = Release;
		};
		E8CF0012237F708C009ADAB2 /* Build configuration list for PBXNativeTarget "ParstagramUITests" */ = {
			isa = XCConfigurationList;
			buildConfigurations = (
				E8CF0013237F708C009ADAB2 /* Debug */,
				E8CF0014237F708C009ADAB2 /* Release */,
			);
			defaultConfigurationIsVisible = 0;
			defaultConfigurationName = Release;
		};
		E8CFFFDD237F7089009ADAB2 /* Build configuration list for PBXProject "Parstagram" */ = {
			isa = XCConfigurationList;
			buildConfigurations = (
				E8CF000A237F708C009ADAB2 /* Debug */,
				E8CF000B237F708C009ADAB2 /* Release */,
			);
			defaultConfigurationIsVisible = 0;
			defaultConfigurationName = Release;
		};
/* End XCConfigurationList section */
	};
	rootObject = E8CFFFDA237F7089009ADAB2 /* Project object */;
}
